
Microsoft Visual Studio Solution File, Format Version 12.00
# Visual Studio 15
VisualStudioVersion = 15.0.26919.1
MinimumVisualStudioVersion = 10.0.40219.1
Project("{FAE04EC0-301F-11D3-BF4B-00C04F79EFBC}") = "ExperimentDesktop", "ExperimentDesktop\ExperimentDesktop.csproj", "{FDB44ACD-48F4-4EEB-93D1-D0E9E1B04B97}"
EndProject
Global
	GlobalSection(SolutionConfigurationPlatforms) = preSolution
		Debug|Any CPU = Debug|Any CPU
		Release|Any CPU = Release|Any CPU
	EndGlobalSection
	GlobalSection(ProjectConfigurationPlatforms) = postSolution
		{FDB44ACD-48F4-4EEB-93D1-D0E9E1B04B97}.Debug|Any CPU.ActiveCfg = Debug|Any CPU
		{FDB44ACD-48F4-4EEB-93D1-D0E9E1B04B97}.Debug|Any CPU.Build.0 = Debug|Any CPU
		{FDB44ACD-48F4-4EEB-93D1-D0E9E1B04B97}.Release|Any CPU.ActiveCfg = Release|Any CPU
		{FDB44ACD-48F4-4EEB-93D1-D0E9E1B04B97}.Release|Any CPU.Build.0 = Release|Any CPU
	EndGlobalSection
	GlobalSection(SolutionProperties) = preSolution
		HideSolutionNode = FALSE
	EndGlobalSection
	GlobalSection(ExtensibilityGlobals) = postSolution
		SolutionGuid = {BB5DC98C-6E05-4659-99DD-ED709D5C3F24}
	EndGlobalSection
EndGlobal
